
Microsoft Visual Studio Solution File, Format Version 12.00
# Visual Studio Version 17
VisualStudioVersion = 17.7.34031.279
MinimumVisualStudioVersion = 10.0.40219.1
Project("{9A19103F-16F7-4668-BE54-9A1E7A4F7556}") = "MoneySenseWeb", "MoneySenseWeb.csproj", "{55540D33-C2FE-4041-8B0A-F30AB0F61F61}"
EndProject
Global
	GlobalSection(SolutionConfigurationPlatforms) = preSolution
		Debug|Any CPU = Debug|Any CPU
		Release|Any CPU = Release|Any CPU
	EndGlobalSection
	GlobalSection(ProjectConfigurationPlatforms) = postSolution
		{55540D33-C2FE-4041-8B0A-F30AB0F61F61}.Debug|Any CPU.ActiveCfg = Debug|Any CPU
		{55540D33-C2FE-4041-8B0A-F30AB0F61F61}.Debug|Any CPU.Build.0 = Debug|Any CPU
		{55540D33-C2FE-4041-8B0A-F30AB0F61F61}.Release|Any CPU.ActiveCfg = Release|Any CPU
		{55540D33-C2FE-4041-8B0A-F30AB0F61F61}.Release|Any CPU.Build.0 = Release|Any CPU
	EndGlobalSection
	GlobalSection(SolutionProperties) = preSolution
		HideSolutionNode = FALSE
	EndGlobalSection
	GlobalSection(ExtensibilityGlobals) = postSolution
		SolutionGuid = {943BF842-36FD-4276-81D4-8CD3991CFC0F}
	EndGlobalSection
EndGlobal
